
Microsoft Visual Studio Solution File, Format Version 12.00
# Visual Studio Version 17
VisualStudioVersion = 17.7.34221.43
MinimumVisualStudioVersion = 10.0.40219.1
Project("{FAE04EC0-301F-11D3-BF4B-00C04F79EFBC}") = "ConAppDAy17AssignmentLibrary", "ConAppDAy17AssignmentLibrary\ConAppDAy17AssignmentLibrary.csproj", "{52A95E91-7F82-4AFD-9E13-4648B0D66E02}"
EndProject
Global
	GlobalSection(SolutionConfigurationPlatforms) = preSolution
		Debug|Any CPU = Debug|Any CPU
		Release|Any CPU = Release|Any CPU
	EndGlobalSection
	GlobalSection(ProjectConfigurationPlatforms) = postSolution
		{52A95E91-7F82-4AFD-9E13-4648B0D66E02}.Debug|Any CPU.ActiveCfg = Debug|Any CPU
		{52A95E91-7F82-4AFD-9E13-4648B0D66E02}.Debug|Any CPU.Build.0 = Debug|Any CPU
		{52A95E91-7F82-4AFD-9E13-4648B0D66E02}.Release|Any CPU.ActiveCfg = Release|Any CPU
		{52A95E91-7F82-4AFD-9E13-4648B0D66E02}.Release|Any CPU.Build.0 = Release|Any CPU
	EndGlobalSection
	GlobalSection(SolutionProperties) = preSolution
		HideSolutionNode = FALSE
	EndGlobalSection
	GlobalSection(ExtensibilityGlobals) = postSolution
		SolutionGuid = {931921DF-D99F-43CF-BF43-81DF29AC23C2}
	EndGlobalSection
EndGlobal
